// !$*UTF8*$!
{
	archiveVersion = 1;
	classes = {
	};
	objectVersion = 56;
	objects = {

/* Begin PBXBuildFile section */
		499A89A72879AF4400D90178 /* FlightDashboardApp.swift in Sources */ = {isa = PBXBuildFile; fileRef = 499A89A62879AF4400D90178 /* FlightDashboardApp.swift */; };
		499A89A92879AF4400D90178 /* ContentView.swift in Sources */ = {isa = PBXBuildFile; fileRef = 499A89A82879AF4400D90178 /* ContentView.swift */; };
		499A89AB2879AF4800D90178 /* Assets.xcassets in Resources */ = {isa = PBXBuildFile; fileRef = 499A89AA2879AF4800D90178 /* Assets.xcassets */; };
		499A89AE2879AF4800D90178 /* Preview Assets.xcassets in Resources */ = {isa = PBXBuildFile; fileRef = 499A89AD2879AF4800D90178 /* Preview Assets.xcassets */; };
		499A89B82879AF4900D90178 /* ContentViewTests.swift in Sources */ = {isa = PBXBuildFile; fileRef = 499A89B72879AF4900D90178 /* ContentViewTests.swift */; };
		499A89D22879B03C00D90178 /* SnapshotTesting in Frameworks */ = {isa = PBXBuildFile; productRef = 499A89D12879B03C00D90178 /* SnapshotTesting */; };
		499A89DA2879BACC00D90178 /* __Snapshots__ in Resources */ = {isa = PBXBuildFile; fileRef = 499A89D92879BACC00D90178 /* __Snapshots__ */; };
/* End PBXBuildFile section */

/* Begin PBXContainerItemProxy section */
		499A89B42879AF4900D90178 /* PBXContainerItemProxy */ = {
			isa = PBXContainerItemProxy;
			containerPortal = 499A899B2879AF4400D90178 /* Project object */;
			proxyType = 1;
			remoteGlobalIDString = 499A89A22879AF4400D90178;
			remoteInfo = FlightDashboard;
		};
/* End PBXContainerItemProxy section */

/* Begin PBXFileReference section */
		499A89A32879AF4400D90178 /* FlightDashboard.app */ = {isa = PBXFileReference; explicitFileType = wrapper.application; includeInIndex = 0; path = FlightDashboard.app; sourceTree = BUILT_PRODUCTS_DIR; };
		499A89A62879AF4400D90178 /* FlightDashboardApp.swift */ = {isa = PBXFileReference; lastKnownFileType = sourcecode.swift; path = FlightDashboardApp.swift; sourceTree = "<group>"; };
		499A89A82879AF4400D90178 /* ContentView.swift */ = {isa = PBXFileReference; lastKnownFileType = sourcecode.swift; path = ContentView.swift; sourceTree = "<group>"; };
		499A89AA2879AF4800D90178 /* Assets.xcassets */ = {isa = PBXFileReference; lastKnownFileType = folder.assetcatalog; path = Assets.xcassets; sourceTree = "<group>"; };
		499A89AD2879AF4800D90178 /* Preview Assets.xcassets */ = {isa = PBXFileReference; lastKnownFileType = folder.assetcatalog; path = "Preview Assets.xcassets"; sourceTree = "<group>"; };
		499A89B32879AF4900D90178 /* FlightDashboardTests.xctest */ = {isa = PBXFileReference; explicitFileType = wrapper.cfbundle; includeInIndex = 0; path = FlightDashboardTests.xctest; sourceTree = BUILT_PRODUCTS_DIR; };
		499A89B72879AF4900D90178 /* ContentViewTests.swift */ = {isa = PBXFileReference; lastKnownFileType = sourcecode.swift; path = ContentViewTests.swift; sourceTree = "<group>"; };
		499A89D82879BA6400D90178 /* FlightDashboard.entitlements */ = {isa = PBXFileReference; lastKnownFileType = text.plist.entitlements; path = FlightDashboard.entitlements; sourceTree = "<group>"; };
		499A89D92879BACC00D90178 /* __Snapshots__ */ = {isa = PBXFileReference; lastKnownFileType = folder; path = __Snapshots__; sourceTree = "<group>"; };
/* End PBXFileReference section */

/* Begin PBXFrameworksBuildPhase section */
		499A89A02879AF4400D90178 /* Frameworks */ = {
			isa = PBXFrameworksBuildPhase;
			buildActionMask = 2147483647;
			files = (
			);
			runOnlyForDeploymentPostprocessing = 0;
		};
		499A89B02879AF4900D90178 /* Frameworks */ = {
			isa = PBXFrameworksBuildPhase;
			buildActionMask = 2147483647;
			files = (
				499A89D22879B03C00D90178 /* SnapshotTesting in Frameworks */,
			);
			runOnlyForDeploymentPostprocessing = 0;
		};
/* End PBXFrameworksBuildPhase section */

/* Begin PBXGroup section */
		499A899A2879AF4400D90178 = {
			isa = PBXGroup;
			children = (
				499A89A52879AF4400D90178 /* FlightDashboard */,
				499A89B62879AF4900D90178 /* FlightDashboardTests */,
				499A89A42879AF4400D90178 /* Products */,
			);
			sourceTree = "<group>";
		};
		499A89A42879AF4400D90178 /* Products */ = {
			isa = PBXGroup;
			children = (
				499A89A32879AF4400D90178 /* FlightDashboard.app */,
				499A89B32879AF4900D90178 /* FlightDashboardTests.xctest */,
			);
			name = Products;
			sourceTree = "<group>";
		};
		499A89A52879AF4400D90178 /* FlightDashboard */ = {
			isa = PBXGroup;
			children = (
				499A89D82879BA6400D90178 /* FlightDashboard.entitlements */,
				499A89A62879AF4400D90178 /* FlightDashboardApp.swift */,
				499A89A82879AF4400D90178 /* ContentView.swift */,
				499A89AA2879AF4800D90178 /* Assets.xcassets */,
				499A89AC2879AF4800D90178 /* Preview Content */,
			);
			path = FlightDashboard;
			sourceTree = "<group>";
		};
		499A89AC2879AF4800D90178 /* Preview Content */ = {
			isa = PBXGroup;
			children = (
				499A89AD2879AF4800D90178 /* Preview Assets.xcassets */,
			);
			path = "Preview Content";
			sourceTree = "<group>";
		};
		499A89B62879AF4900D90178 /* FlightDashboardTests */ = {
			isa = PBXGroup;
			children = (
				499A89D72879B1C600D90178 /* Views */,
			);
			path = FlightDashboardTests;
			sourceTree = "<group>";
		};
		499A89D72879B1C600D90178 /* Views */ = {
			isa = PBXGroup;
			children = (
				499A89D92879BACC00D90178 /* __Snapshots__ */,
				499A89B72879AF4900D90178 /* ContentViewTests.swift */,
			);
			path = Views;
			sourceTree = "<group>";
		};
/* End PBXGroup section */

/* Begin PBXNativeTarget section */
		499A89A22879AF4400D90178 /* FlightDashboard */ = {
			isa = PBXNativeTarget;
			buildConfigurationList = 499A89C72879AF4900D90178 /* Build configuration list for PBXNativeTarget "FlightDashboard" */;
			buildPhases = (
				499A899F2879AF4400D90178 /* Sources */,
				499A89A02879AF4400D90178 /* Frameworks */,
				499A89A12879AF4400D90178 /* Resources */,
			);
			buildRules = (
			);
			dependencies = (
			);
			name = FlightDashboard;
			productName = FlightDashboard;
			productReference = 499A89A32879AF4400D90178 /* FlightDashboard.app */;
			productType = "com.apple.product-type.application";
		};
		499A89B22879AF4900D90178 /* FlightDashboardTests */ = {
			isa = PBXNativeTarget;
			buildConfigurationList = 499A89CA2879AF4900D90178 /* Build configuration list for PBXNativeTarget "FlightDashboardTests" */;
			buildPhases = (
				499A89AF2879AF4900D90178 /* Sources */,
				499A89B02879AF4900D90178 /* Frameworks */,
				499A89B12879AF4900D90178 /* Resources */,
			);
			buildRules = (
			);
			dependencies = (
				499A89B52879AF4900D90178 /* PBXTargetDependency */,
			);
			name = FlightDashboardTests;
			packageProductDependencies = (
				499A89D12879B03C00D90178 /* SnapshotTesting */,
			);
			productName = FlightDashboardTests;
			productReference = 499A89B32879AF4900D90178 /* FlightDashboardTests.xctest */;
			productType = "com.apple.product-type.bundle.unit-test";
		};
/* End PBXNativeTarget section */

/* Begin PBXProject section */
		499A899B2879AF4400D90178 /* Project object */ = {
			isa = PBXProject;
			attributes = {
				BuildIndependentTargetsInParallel = 1;
				LastSwiftUpdateCheck = 1400;
				LastUpgradeCheck = 1400;
				TargetAttributes = {
					499A89A22879AF4400D90178 = {
						CreatedOnToolsVersion = 14.0;
					};
					499A89B22879AF4900D90178 = {
						CreatedOnToolsVersion = 14.0;
						TestTargetID = 499A89A22879AF4400D90178;
					};
				};
			};
			buildConfigurationList = 499A899E2879AF4400D90178 /* Build configuration list for PBXProject "FlightDashboard" */;
			compatibilityVersion = "Xcode 14.0";
			developmentRegion = en;
			hasScannedForEncodings = 0;
			knownRegions = (
				en,
				Base,
			);
			mainGroup = 499A899A2879AF4400D90178;
			packageReferences = (
				499A89D02879B03C00D90178 /* XCRemoteSwiftPackageReference "swift-snapshot-testing" */,
			);
			productRefGroup = 499A89A42879AF4400D90178 /* Products */;
			projectDirPath = "";
			projectRoot = "";
			targets = (
				499A89A22879AF4400D90178 /* FlightDashboard */,
				499A89B22879AF4900D90178 /* FlightDashboardTests */,
			);
		};
/* End PBXProject section */

/* Begin PBXResourcesBuildPhase section */
		499A89A12879AF4400D90178 /* Resources */ = {
			isa = PBXResourcesBuildPhase;
			buildActionMask = 2147483647;
			files = (
				499A89AE2879AF4800D90178 /* Preview Assets.xcassets in Resources */,
				499A89AB2879AF4800D90178 /* Assets.xcassets in Resources */,
			);
			runOnlyForDeploymentPostprocessing = 0;
		};
		499A89B12879AF4900D90178 /* Resources */ = {
			isa = PBXResourcesBuildPhase;
			buildActionMask = 2147483647;
			files = (
				499A89DA2879BACC00D90178 /* __Snapshots__ in Resources */,
			);
			runOnlyForDeploymentPostprocessing = 0;
		};
/* End PBXResourcesBuildPhase section */

/* Begin PBXSourcesBuildPhase section */
		499A899F2879AF4400D90178 /* Sources */ = {
			isa = PBXSourcesBuildPhase;
			buildActionMask = 2147483647;
			files = (
				499A89A92879AF4400D90178 /* ContentView.swift in Sources */,
				499A89A72879AF4400D90178 /* FlightDashboardApp.swift in Sources */,
			);
			runOnlyForDeploymentPostprocessing = 0;
		};
		499A89AF2879AF4900D90178 /* Sources */ = {
			isa = PBXSourcesBuildPhase;
			buildActionMask = 2147483647;
			files = (
				499A89B82879AF4900D90178 /* ContentViewTests.swift in Sources */,
			);
			runOnlyForDeploymentPostprocessing = 0;
		};
/* End PBXSourcesBuildPhase section */

/* Begin PBXTargetDependency section */
		499A89B52879AF4900D90178 /* PBXTargetDependency */ = {
			isa = PBXTargetDependency;
			target = 499A89A22879AF4400D90178 /* FlightDashboard */;
			targetProxy = 499A89B42879AF4900D90178 /* PBXContainerItemProxy */;
		};
/* End PBXTargetDependency section */

/* Begin XCBuildConfiguration section */
		499A89C52879AF4900D90178 /* Debug */ = {
			isa = XCBuildConfiguration;
			buildSettings = {
				ALWAYS_SEARCH_USER_PATHS = NO;
				CLANG_ANALYZER_NONNULL = YES;
				CLANG_ANALYZER_NUMBER_OBJECT_CONVERSION = YES_AGGRESSIVE;
				CLANG_CXX_LANGUAGE_STANDARD = "gnu++17";
				CLANG_ENABLE_MODULES = YES;
				CLANG_ENABLE_OBJC_ARC = YES;
				CLANG_ENABLE_OBJC_WEAK = YES;
				CLANG_WARN_BLOCK_CAPTURE_AUTORELEASING = YES;
				CLANG_WARN_BOOL_CONVERSION = YES;
				CLANG_WARN_COMMA = YES;
				CLANG_WARN_CONSTANT_CONVERSION = YES;
				CLANG_WARN_DEPRECATED_OBJC_IMPLEMENTATIONS = YES;
				CLANG_WARN_DIRECT_OBJC_ISA_USAGE = YES_ERROR;
				CLANG_WARN_DOCUMENTATION_COMMENTS = YES;
				CLANG_WARN_EMPTY_BODY = YES;
				CLANG_WARN_ENUM_CONVERSION = YES;
				CLANG_WARN_INFINITE_RECURSION = YES;
				CLANG_WARN_INT_CONVERSION = YES;
				CLANG_WARN_NON_LITERAL_NULL_CONVERSION = YES;
				CLANG_WARN_OBJC_IMPLICIT_RETAIN_SELF = YES;
				CLANG_WARN_OBJC_LITERAL_CONVERSION = YES;
				CLANG_WARN_OBJC_ROOT_CLASS = YES_ERROR;
				CLANG_WARN_QUOTED_INCLUDE_IN_FRAMEWORK_HEADER = YES;
				CLANG_WARN_RANGE_LOOP_ANALYSIS = YES;
				CLANG_WARN_STRICT_PROTOTYPES = YES;
				CLANG_WARN_SUSPICIOUS_MOVE = YES;
				CLANG_WARN_UNGUARDED_AVAILABILITY = YES_AGGRESSIVE;
				CLANG_WARN_UNREACHABLE_CODE = YES;
				CLANG_WARN__DUPLICATE_METHOD_MATCH = YES;
				COPY_PHASE_STRIP = NO;
				DEBUG_INFORMATION_FORMAT = dwarf;
				ENABLE_STRICT_OBJC_MSGSEND = YES;
				ENABLE_TESTABILITY = YES;
				GCC_C_LANGUAGE_STANDARD = gnu11;
				GCC_DYNAMIC_NO_PIC = NO;
				GCC_NO_COMMON_BLOCKS = YES;
				GCC_OPTIMIZATION_LEVEL = 0;
				GCC_PREPROCESSOR_DEFINITIONS = (
					"DEBUG=1",
					"$(inherited)",
				);
				GCC_WARN_64_TO_32_BIT_CONVERSION = YES;
				GCC_WARN_ABOUT_RETURN_TYPE = YES_ERROR;
				GCC_WARN_UNDECLARED_SELECTOR = YES;
				GCC_WARN_UNINITIALIZED_AUTOS = YES_AGGRESSIVE;
				GCC_WARN_UNUSED_FUNCTION = YES;
				GCC_WARN_UNUSED_VARIABLE = YES;
				IPHONEOS_DEPLOYMENT_TARGET = 16.0;
				MTL_ENABLE_DEBUG_INFO = INCLUDE_SOURCE;
				MTL_FAST_MATH = YES;
				ONLY_ACTIVE_ARCH = YES;
				SDKROOT = iphoneos;
				SWIFT_ACTIVE_COMPILATION_CONDITIONS = DEBUG;
				SWIFT_OPTIMIZATION_LEVEL = "-Onone";
			};
			name = Debug;
		};
		499A89C62879AF4900D90178 /* Release */ = {
			isa = XCBuildConfiguration;
			buildSettings = {
				ALWAYS_SEARCH_USER_PATHS = NO;
				CLANG_ANALYZER_NONNULL = YES;
				CLANG_ANALYZER_NUMBER_OBJECT_CONVERSION = YES_AGGRESSIVE;
				CLANG_CXX_LANGUAGE_STANDARD = "gnu++17";
				CLANG_ENABLE_MODULES = YES;
				CLANG_ENABLE_OBJC_ARC = YES;
				CLANG_ENABLE_OBJC_WEAK = YES;
				CLANG_WARN_BLOCK_CAPTURE_AUTORELEASING = YES;
				CLANG_WARN_BOOL_CONVERSION = YES;
				CLANG_WARN_COMMA = YES;
				CLANG_WARN_CONSTANT_CONVERSION = YES;
				CLANG_WARN_DEPRECATED_OBJC_IMPLEMENTATIONS = YES;
				CLANG_WARN_DIRECT_OBJC_ISA_USAGE = YES_ERROR;
				CLANG_WARN_DOCUMENTATION_COMMENTS = YES;
				CLANG_WARN_EMPTY_BODY = YES;
				CLANG_WARN_ENUM_CONVERSION = YES;
				CLANG_WARN_INFINITE_RECURSION = YES;
				CLANG_WARN_INT_CONVERSION = YES;
				CLANG_WARN_NON_LITERAL_NULL_CONVERSION = YES;
				CLANG_WARN_OBJC_IMPLICIT_RETAIN_SELF = YES;
				CLANG_WARN_OBJC_LITERAL_CONVERSION = YES;
				CLANG_WARN_OBJC_ROOT_CLASS = YES_ERROR;
				CLANG_WARN_QUOTED_INCLUDE_IN_FRAMEWORK_HEADER = YES;
				CLANG_WARN_RANGE_LOOP_ANALYSIS = YES;
				CLANG_WARN_STRICT_PROTOTYPES = YES;
				CLANG_WARN_SUSPICIOUS_MOVE = YES;
				CLANG_WARN_UNGUARDED_AVAILABILITY = YES_AGGRESSIVE;
				CLANG_WARN_UNREACHABLE_CODE = YES;
				CLANG_WARN__DUPLICATE_METHOD_MATCH = YES;
				COPY_PHASE_STRIP = NO;
				DEBUG_INFORMATION_FORMAT = "dwarf-with-dsym";
				ENABLE_NS_ASSERTIONS = NO;
				ENABLE_STRICT_OBJC_MSGSEND = YES;
				GCC_C_LANGUAGE_STANDARD = gnu11;
				GCC_NO_COMMON_BLOCKS = YES;
				GCC_WARN_64_TO_32_BIT_CONVERSION = YES;
				GCC_WARN_ABOUT_RETURN_TYPE = YES_ERROR;
				GCC_WARN_UNDECLARED_SELECTOR = YES;
				GCC_WARN_UNINITIALIZED_AUTOS = YES_AGGRESSIVE;
				GCC_WARN_UNUSED_FUNCTION = YES;
				GCC_WARN_UNUSED_VARIABLE = YES;
				IPHONEOS_DEPLOYMENT_TARGET = 16.0;
				MTL_ENABLE_DEBUG_INFO = NO;
				MTL_FAST_MATH = YES;
				SDKROOT = iphoneos;
				SWIFT_COMPILATION_MODE = wholemodule;
				SWIFT_OPTIMIZATION_LEVEL = "-O";
				VALIDATE_PRODUCT = YES;
			};
			name = Release;
		};
		499A89C82879AF4900D90178 /* Debug */ = {
			isa = XCBuildConfiguration;
			buildSettings = {
				ASSETCATALOG_COMPILER_APPICON_NAME = AppIcon;
				ASSETCATALOG_COMPILER_GLOBAL_ACCENT_COLOR_NAME = AccentColor;
				CODE_SIGN_ENTITLEMENTS = FlightDashboard/FlightDashboard.entitlements;
				CODE_SIGN_STYLE = Automatic;
				CURRENT_PROJECT_VERSION = 1;
				DEVELOPMENT_ASSET_PATHS = "\"FlightDashboard/Preview Content\"";
				DEVELOPMENT_TEAM = 376467PA35;
				ENABLE_PREVIEWS = YES;
				GENERATE_INFOPLIST_FILE = YES;
				INFOPLIST_KEY_CFBundleDisplayName = "Flight Dashboard";
				INFOPLIST_KEY_LSApplicationCategoryType = "public.app-category.travel";
				INFOPLIST_KEY_UIApplicationSceneManifest_Generation = YES;
				INFOPLIST_KEY_UIApplicationSupportsIndirectInputEvents = YES;
				INFOPLIST_KEY_UILaunchScreen_Generation = YES;
				INFOPLIST_KEY_UISupportedInterfaceOrientations_iPad = "UIInterfaceOrientationPortrait UIInterfaceOrientationPortraitUpsideDown UIInterfaceOrientationLandscapeLeft UIInterfaceOrientationLandscapeRight";
				INFOPLIST_KEY_UISupportedInterfaceOrientations_iPhone = "UIInterfaceOrientationPortrait UIInterfaceOrientationLandscapeLeft UIInterfaceOrientationLandscapeRight";
				IPHONEOS_DEPLOYMENT_TARGET = 14.6;
				LD_RUNPATH_SEARCH_PATHS = (
					"$(inherited)",
					"@executable_path/Frameworks",
				);
				MARKETING_VERSION = 1.0.0;
				PRODUCT_BUNDLE_IDENTIFIER = io.nodetraversal.FlightDashboard;
				PRODUCT_NAME = "$(TARGET_NAME)";
				SWIFT_EMIT_LOC_STRINGS = YES;
				SWIFT_VERSION = 5.0;
				TARGETED_DEVICE_FAMILY = "1,2";
			};
			name = Debug;
		};
		499A89C92879AF4900D90178 /* Release */ = {
			isa = XCBuildConfiguration;
			buildSettings = {
				ASSETCATALOG_COMPILER_APPICON_NAME = AppIcon;
				ASSETCATALOG_COMPILER_GLOBAL_ACCENT_COLOR_NAME = AccentColor;
				CODE_SIGN_ENTITLEMENTS = FlightDashboard/FlightDashboard.entitlements;
				CODE_SIGN_STYLE = Automatic;
				CURRENT_PROJECT_VERSION = 1;
				DEVELOPMENT_ASSET_PATHS = "\"FlightDashboard/Preview Content\"";
				DEVELOPMENT_TEAM = 376467PA35;
				ENABLE_PREVIEWS = YES;
				GENERATE_INFOPLIST_FILE = YES;
				INFOPLIST_KEY_CFBundleDisplayName = "Flight Dashboard";
				INFOPLIST_KEY_LSApplicationCategoryType = "public.app-category.travel";
				INFOPLIST_KEY_UIApplicationSceneManifest_Generation = YES;
				INFOPLIST_KEY_UIApplicationSupportsIndirectInputEvents = YES;
				INFOPLIST_KEY_UILaunchScreen_Generation = YES;
				INFOPLIST_KEY_UISupportedInterfaceOrientations_iPad = "UIInterfaceOrientationPortrait UIInterfaceOrientationPortraitUpsideDown UIInterfaceOrientationLandscapeLeft UIInterfaceOrientationLandscapeRight";
				INFOPLIST_KEY_UISupportedInterfaceOrientations_iPhone = "UIInterfaceOrientationPortrait UIInterfaceOrientationLandscapeLeft UIInterfaceOrientationLandscapeRight";
				IPHONEOS_DEPLOYMENT_TARGET = 14.6;
				LD_RUNPATH_SEARCH_PATHS = (
					"$(inherited)",
					"@executable_path/Frameworks",
				);
				MARKETING_VERSION = 1.0.0;
				PRODUCT_BUNDLE_IDENTIFIER = io.nodetraversal.FlightDashboard;
				PRODUCT_NAME = "$(TARGET_NAME)";
				SWIFT_EMIT_LOC_STRINGS = YES;
				SWIFT_VERSION = 5.0;
				TARGETED_DEVICE_FAMILY = "1,2";
			};
			name = Release;
		};
		499A89CB2879AF4900D90178 /* Debug */ = {
			isa = XCBuildConfiguration;
			buildSettings = {
				ALWAYS_EMBED_SWIFT_STANDARD_LIBRARIES = YES;
				BUNDLE_LOADER = "$(TEST_HOST)";
				CODE_SIGN_STYLE = Automatic;
				CURRENT_PROJECT_VERSION = 1;
				DEVELOPMENT_TEAM = 376467PA35;
				GENERATE_INFOPLIST_FILE = YES;
				IPHONEOS_DEPLOYMENT_TARGET = 16.0;
				MARKETING_VERSION = 1.0;
				PRODUCT_BUNDLE_IDENTIFIER = io.nodetraversal.FlightDashboardTests;
				PRODUCT_NAME = "$(TARGET_NAME)";
				SWIFT_EMIT_LOC_STRINGS = NO;
				SWIFT_VERSION = 5.0;
				TARGETED_DEVICE_FAMILY = "1,2";
				TEST_HOST = "$(BUILT_PRODUCTS_DIR)/FlightDashboard.app/$(BUNDLE_EXECUTABLE_FOLDER_PATH)/FlightDashboard";
			};
			name = Debug;
		};
		499A89CC2879AF4900D90178 /* Release */ = {
			isa = XCBuildConfiguration;
			buildSettings = {
				ALWAYS_EMBED_SWIFT_STANDARD_LIBRARIES = YES;
				BUNDLE_LOADER = "$(TEST_HOST)";
				CODE_SIGN_STYLE = Automatic;
				CURRENT_PROJECT_VERSION = 1;
				DEVELOPMENT_TEAM = 376467PA35;
				GENERATE_INFOPLIST_FILE = YES;
				IPHONEOS_DEPLOYMENT_TARGET = 16.0;
				MARKETING_VERSION = 1.0;
				PRODUCT_BUNDLE_IDENTIFIER = io.nodetraversal.FlightDashboardTests;
				PRODUCT_NAME = "$(TARGET_NAME)";
				SWIFT_EMIT_LOC_STRINGS = NO;
				SWIFT_VERSION = 5.0;
				TARGETED_DEVICE_FAMILY = "1,2";
				TEST_HOST = "$(BUILT_PRODUCTS_DIR)/FlightDashboard.app/$(BUNDLE_EXECUTABLE_FOLDER_PATH)/FlightDashboard";
			};
			name = Release;
		};
/* End XCBuildConfiguration section */

/* Begin XCConfigurationList section */
		499A899E2879AF4400D90178 /* Build configuration list for PBXProject "FlightDashboard" */ = {
			isa = XCConfigurationList;
			buildConfigurations = (
				499A89C52879AF4900D90178 /* Debug */,
				499A89C62879AF4900D90178 /* Release */,
			);
			defaultConfigurationIsVisible = 0;
			defaultConfigurationName = Release;
		};
		499A89C72879AF4900D90178 /* Build configuration list for PBXNativeTarget "FlightDashboard" */ = {
			isa = XCConfigurationList;
			buildConfigurations = (
				499A89C82879AF4900D90178 /* Debug */,
				499A89C92879AF4900D90178 /* Release */,
			);
			defaultConfigurationIsVisible = 0;
			defaultConfigurationName = Release;
		};
		499A89CA2879AF4900D90178 /* Build configuration list for PBXNativeTarget "FlightDashboardTests" */ = {
			isa = XCConfigurationList;
			buildConfigurations = (
				499A89CB2879AF4900D90178 /* Debug */,
				499A89CC2879AF4900D90178 /* Release */,
			);
			defaultConfigurationIsVisible = 0;
			defaultConfigurationName = Release;
		};
/* End XCConfigurationList section */

/* Begin XCRemoteSwiftPackageReference section */
		499A89D02879B03C00D90178 /* XCRemoteSwiftPackageReference "swift-snapshot-testing" */ = {
			isa = XCRemoteSwiftPackageReference;
			repositoryURL = "https://github.com/pointfreeco/swift-snapshot-testing.git";
			requirement = {
				kind = upToNextMajorVersion;
				minimumVersion = 1.0.0;
			};
		};
/* End XCRemoteSwiftPackageReference section */

/* Begin XCSwiftPackageProductDependency section */
		499A89D12879B03C00D90178 /* SnapshotTesting */ = {
			isa = XCSwiftPackageProductDependency;
			package = 499A89D02879B03C00D90178 /* XCRemoteSwiftPackageReference "swift-snapshot-testing" */;
			productName = SnapshotTesting;
		};
/* End XCSwiftPackageProductDependency section */
	};
	rootObject = 499A899B2879AF4400D90178 /* Project object */;
}
